
Microsoft Visual Studio Solution File, Format Version 12.00
# Visual Studio Version 17
VisualStudioVersion = 17.8.34408.163
MinimumVisualStudioVersion = 10.0.40219.1
Project("{8BC9CEB8-8B4A-11D0-8D11-00A0C91BC942}") = "Project2_Tests", "Project2_Tests\Project2_Tests.vcxproj", "{DFDACD55-EABA-44F5-B694-729D061C1A0E}"
EndProject
Project("{8BC9CEB8-8B4A-11D0-8D11-00A0C91BC942}") = "Project2", "Project2\Project2.vcxproj", "{71BE22D7-8E91-4866-AA09-804375F69A59}"
EndProject
Project("{2150E333-8FDC-42A3-9474-1A3956D46DE8}") = "Solution Items", "Solution Items", "{8EC462FD-D22E-90A8-E5CE-7E832BA40C5D}"
	ProjectSection(SolutionItems) = preProject
		.gitignore = .gitignore
	EndProjectSection
EndProject
Global
	GlobalSection(SolutionConfigurationPlatforms) = preSolution
		Debug|x64 = Debug|x64
		Debug|x86 = Debug|x86
		Release|x64 = Release|x64
		Release|x86 = Release|x86
	EndGlobalSection
	GlobalSection(ProjectConfigurationPlatforms) = postSolution
		{DFDACD55-EABA-44F5-B694-729D061C1A0E}.Debug|x64.ActiveCfg = Debug|x64
		{DFDACD55-EABA-44F5-B694-729D061C1A0E}.Debug|x64.Build.0 = Debug|x64
		{DFDACD55-EABA-44F5-B694-729D061C1A0E}.Debug|x86.ActiveCfg = Debug|Win32
		{DFDACD55-EABA-44F5-B694-729D061C1A0E}.Debug|x86.Build.0 = Debug|Win32
		{DFDACD55-EABA-44F5-B694-729D061C1A0E}.Release|x64.ActiveCfg = Release|x64
		{DFDACD55-EABA-44F5-B694-729D061C1A0E}.Release|x64.Build.0 = Release|x64
		{DFDACD55-EABA-44F5-B694-729D061C1A0E}.Release|x86.ActiveCfg = Release|Win32
		{DFDACD55-EABA-44F5-B694-729D061C1A0E}.Release|x86.Build.0 = Release|Win32
		{71BE22D7-8E91-4866-AA09-804375F69A59}.Debug|x64.ActiveCfg = Debug|x64
		{71BE22D7-8E91-4866-AA09-804375F69A59}.Debug|x64.Build.0 = Debug|x64
		{71BE22D7-8E91-4866-AA09-804375F69A59}.Debug|x86.ActiveCfg = Debug|Win32
		{71BE22D7-8E91-4866-AA09-804375F69A59}.Debug|x86.Build.0 = Debug|Win32
		{71BE22D7-8E91-4866-AA09-804375F69A59}.Release|x64.ActiveCfg = Release|x64
		{71BE22D7-8E91-4866-AA09-804375F69A59}.Release|x64.Build.0 = Release|x64
		{71BE22D7-8E91-4866-AA09-804375F69A59}.Release|x86.ActiveCfg = Release|Win32
		{71BE22D7-8E91-4866-AA09-804375F69A59}.Release|x86.Build.0 = Release|Win32
	EndGlobalSection
	GlobalSection(SolutionProperties) = preSolution
		HideSolutionNode = FALSE
	EndGlobalSection
	GlobalSection(ExtensibilityGlobals) = postSolution
		SolutionGuid = {E3A2B3ED-998C-4875-BE2C-1ADD60F76997}
	EndGlobalSection
EndGlobal
